// !$*UTF8*$!
{
	archiveVersion = 1;
	classes = {
	};
	objectVersion = 50;
	objects = {

/* Begin PBXBuildFile section */
		020A24B322E6358700A1D2BA /* Maily.framework in Frameworks */ = {isa = PBXBuildFile; fileRef = 020A24B222E6358700A1D2BA /* Maily.framework */; };
		020A24B522E63B9200A1D2BA /* Maily.framework in Frameworks */ = {isa = PBXBuildFile; fileRef = 020A24B422E63B9200A1D2BA /* Maily.framework */; };
		8BFCA342216BE5D6009C3CFB /* AppDelegate.swift in Sources */ = {isa = PBXBuildFile; fileRef = 8BFCA341216BE5D6009C3CFB /* AppDelegate.swift */; };
		8BFCA344216BE5D6009C3CFB /* ViewController.swift in Sources */ = {isa = PBXBuildFile; fileRef = 8BFCA343216BE5D6009C3CFB /* ViewController.swift */; };
		8BFCA347216BE5D6009C3CFB /* Main.storyboard in Resources */ = {isa = PBXBuildFile; fileRef = 8BFCA345216BE5D6009C3CFB /* Main.storyboard */; };
		8BFCA349216BE5D8009C3CFB /* Assets.xcassets in Resources */ = {isa = PBXBuildFile; fileRef = 8BFCA348216BE5D8009C3CFB /* Assets.xcassets */; };
		8BFCA34C216BE5D8009C3CFB /* LaunchScreen.storyboard in Resources */ = {isa = PBXBuildFile; fileRef = 8BFCA34A216BE5D8009C3CFB /* LaunchScreen.storyboard */; };
		8BFCA357216BE5D8009C3CFB /* MailyExampleTests.swift in Sources */ = {isa = PBXBuildFile; fileRef = 8BFCA356216BE5D8009C3CFB /* MailyExampleTests.swift */; };
/* End PBXBuildFile section */

/* Begin PBXContainerItemProxy section */
		8BFCA353216BE5D8009C3CFB /* PBXContainerItemProxy */ = {
			isa = PBXContainerItemProxy;
			containerPortal = 8BFCA336216BE5D6009C3CFB /* Project object */;
			proxyType = 1;
			remoteGlobalIDString = 8BFCA33D216BE5D6009C3CFB;
			remoteInfo = MailyExample;
		};
/* End PBXContainerItemProxy section */

/* Begin PBXFileReference section */
		020A24B222E6358700A1D2BA /* Maily.framework */ = {isa = PBXFileReference; explicitFileType = wrapper.framework; path = Maily.framework; sourceTree = BUILT_PRODUCTS_DIR; };
		020A24B422E63B9200A1D2BA /* Maily.framework */ = {isa = PBXFileReference; explicitFileType = wrapper.framework; path = Maily.framework; sourceTree = BUILT_PRODUCTS_DIR; };
		8BFCA33E216BE5D6009C3CFB /* MailyExample.app */ = {isa = PBXFileReference; explicitFileType = wrapper.application; includeInIndex = 0; path = MailyExample.app; sourceTree = BUILT_PRODUCTS_DIR; };
		8BFCA341216BE5D6009C3CFB /* AppDelegate.swift */ = {isa = PBXFileReference; lastKnownFileType = sourcecode.swift; path = AppDelegate.swift; sourceTree = "<group>"; };
		8BFCA343216BE5D6009C3CFB /* ViewController.swift */ = {isa = PBXFileReference; lastKnownFileType = sourcecode.swift; path = ViewController.swift; sourceTree = "<group>"; };
		8BFCA346216BE5D6009C3CFB /* Base */ = {isa = PBXFileReference; lastKnownFileType = file.storyboard; name = Base; path = Base.lproj/Main.storyboard; sourceTree = "<group>"; };
		8BFCA348216BE5D8009C3CFB /* Assets.xcassets */ = {isa = PBXFileReference; lastKnownFileType = folder.assetcatalog; path = Assets.xcassets; sourceTree = "<group>"; };
		8BFCA34B216BE5D8009C3CFB /* Base */ = {isa = PBXFileReference; lastKnownFileType = file.storyboard; name = Base; path = Base.lproj/LaunchScreen.storyboard; sourceTree = "<group>"; };
		8BFCA34D216BE5D8009C3CFB /* Info.plist */ = {isa = PBXFileReference; lastKnownFileType = text.plist.xml; path = Info.plist; sourceTree = "<group>"; };
		8BFCA352216BE5D8009C3CFB /* MailyExampleTests.xctest */ = {isa = PBXFileReference; explicitFileType = wrapper.cfbundle; includeInIndex = 0; path = MailyExampleTests.xctest; sourceTree = BUILT_PRODUCTS_DIR; };
		8BFCA356216BE5D8009C3CFB /* MailyExampleTests.swift */ = {isa = PBXFileReference; lastKnownFileType = sourcecode.swift; path = MailyExampleTests.swift; sourceTree = "<group>"; };
		8BFCA358216BE5D8009C3CFB /* Info.plist */ = {isa = PBXFileReference; lastKnownFileType = text.plist.xml; path = Info.plist; sourceTree = "<group>"; };
/* End PBXFileReference section */

/* Begin PBXFrameworksBuildPhase section */
		8BFCA33B216BE5D6009C3CFB /* Frameworks */ = {
			isa = PBXFrameworksBuildPhase;
			buildActionMask = 2147483647;
			files = (
				020A24B322E6358700A1D2BA /* Maily.framework in Frameworks */,
			);
			runOnlyForDeploymentPostprocessing = 0;
		};
		8BFCA34F216BE5D8009C3CFB /* Frameworks */ = {
			isa = PBXFrameworksBuildPhase;
			buildActionMask = 2147483647;
			files = (
				020A24B522E63B9200A1D2BA /* Maily.framework in Frameworks */,
			);
			runOnlyForDeploymentPostprocessing = 0;
		};
/* End PBXFrameworksBuildPhase section */

/* Begin PBXGroup section */
		020A24B122E6358700A1D2BA /* Frameworks */ = {
			isa = PBXGroup;
			children = (
				020A24B422E63B9200A1D2BA /* Maily.framework */,
				020A24B222E6358700A1D2BA /* Maily.framework */,
			);
			name = Frameworks;
			sourceTree = "<group>";
		};
		8BFCA335216BE5D6009C3CFB = {
			isa = PBXGroup;
			children = (
				8BFCA340216BE5D6009C3CFB /* MailyExample */,
				8BFCA355216BE5D8009C3CFB /* MailyExampleTests */,
				8BFCA33F216BE5D6009C3CFB /* Products */,
				020A24B122E6358700A1D2BA /* Frameworks */,
			);
			sourceTree = "<group>";
		};
		8BFCA33F216BE5D6009C3CFB /* Products */ = {
			isa = PBXGroup;
			children = (
				8BFCA33E216BE5D6009C3CFB /* MailyExample.app */,
				8BFCA352216BE5D8009C3CFB /* MailyExampleTests.xctest */,
			);
			name = Products;
			sourceTree = "<group>";
		};
		8BFCA340216BE5D6009C3CFB /* MailyExample */ = {
			isa = PBXGroup;
			children = (
				8BFCA341216BE5D6009C3CFB /* AppDelegate.swift */,
				8BFCA343216BE5D6009C3CFB /* ViewController.swift */,
				8BFCA345216BE5D6009C3CFB /* Main.storyboard */,
				8BFCA348216BE5D8009C3CFB /* Assets.xcassets */,
				8BFCA34A216BE5D8009C3CFB /* LaunchScreen.storyboard */,
				8BFCA34D216BE5D8009C3CFB /* Info.plist */,
			);
			path = MailyExample;
			sourceTree = "<group>";
		};
		8BFCA355216BE5D8009C3CFB /* MailyExampleTests */ = {
			isa = PBXGroup;
			children = (
				8BFCA356216BE5D8009C3CFB /* MailyExampleTests.swift */,
				8BFCA358216BE5D8009C3CFB /* Info.plist */,
			);
			path = MailyExampleTests;
			sourceTree = "<group>";
		};
/* End PBXGroup section */

/* Begin PBXNativeTarget section */
		8BFCA33D216BE5D6009C3CFB /* MailyExample */ = {
			isa = PBXNativeTarget;
			buildConfigurationList = 8BFCA35B216BE5D8009C3CFB /* Build configuration list for PBXNativeTarget "MailyExample" */;
			buildPhases = (
				8BFCA33A216BE5D6009C3CFB /* Sources */,
				8BFCA33B216BE5D6009C3CFB /* Frameworks */,
				8BFCA33C216BE5D6009C3CFB /* Resources */,
				020A24B022E6357200A1D2BA /* ShellScript */,
			);
			buildRules = (
			);
			dependencies = (
			);
			name = MailyExample;
			productName = MailyExample;
			productReference = 8BFCA33E216BE5D6009C3CFB /* MailyExample.app */;
			productType = "com.apple.product-type.application";
		};
		8BFCA351216BE5D8009C3CFB /* MailyExampleTests */ = {
			isa = PBXNativeTarget;
			buildConfigurationList = 8BFCA35E216BE5D8009C3CFB /* Build configuration list for PBXNativeTarget "MailyExampleTests" */;
			buildPhases = (
				8BFCA34E216BE5D8009C3CFB /* Sources */,
				8BFCA34F216BE5D8009C3CFB /* Frameworks */,
				8BFCA350216BE5D8009C3CFB /* Resources */,
			);
			buildRules = (
			);
			dependencies = (
				8BFCA354216BE5D8009C3CFB /* PBXTargetDependency */,
			);
			name = MailyExampleTests;
			productName = MailyExampleTests;
			productReference = 8BFCA352216BE5D8009C3CFB /* MailyExampleTests.xctest */;
			productType = "com.apple.product-type.bundle.unit-test";
		};
/* End PBXNativeTarget section */

/* Begin PBXProject section */
		8BFCA336216BE5D6009C3CFB /* Project object */ = {
			isa = PBXProject;
			attributes = {
				LastSwiftUpdateCheck = 1000;
				LastUpgradeCheck = 1000;
				ORGANIZATIONNAME = "Ivan Smetanin";
				TargetAttributes = {
					8BFCA33D216BE5D6009C3CFB = {
						CreatedOnToolsVersion = 10.0;
					};
					8BFCA351216BE5D8009C3CFB = {
						CreatedOnToolsVersion = 10.0;
						TestTargetID = 8BFCA33D216BE5D6009C3CFB;
					};
				};
			};
			buildConfigurationList = 8BFCA339216BE5D6009C3CFB /* Build configuration list for PBXProject "MailyExample" */;
			compatibilityVersion = "Xcode 9.3";
			developmentRegion = en;
			hasScannedForEncodings = 0;
			knownRegions = (
				en,
				Base,
			);
			mainGroup = 8BFCA335216BE5D6009C3CFB;
			productRefGroup = 8BFCA33F216BE5D6009C3CFB /* Products */;
			projectDirPath = "";
			projectRoot = "";
			targets = (
				8BFCA33D216BE5D6009C3CFB /* MailyExample */,
				8BFCA351216BE5D8009C3CFB /* MailyExampleTests */,
			);
		};
/* End PBXProject section */

/* Begin PBXResourcesBuildPhase section */
		8BFCA33C216BE5D6009C3CFB /* Resources */ = {
			isa = PBXResourcesBuildPhase;
			buildActionMask = 2147483647;
			files = (
				8BFCA34C216BE5D8009C3CFB /* LaunchScreen.storyboard in Resources */,
				8BFCA349216BE5D8009C3CFB /* Assets.xcassets in Resources */,
				8BFCA347216BE5D6009C3CFB /* Main.storyboard in Resources */,
			);
			runOnlyForDeploymentPostprocessing = 0;
		};
		8BFCA350216BE5D8009C3CFB /* Resources */ = {
			isa = PBXResourcesBuildPhase;
			buildActionMask = 2147483647;
			files = (
			);
			runOnlyForDeploymentPostprocessing = 0;
		};
/* End PBXResourcesBuildPhase section */

/* Begin PBXShellScriptBuildPhase section */
		020A24B022E6357200A1D2BA /* ShellScript */ = {
			isa = PBXShellScriptBuildPhase;
			buildActionMask = 2147483647;
			files = (
			);
			inputFileListPaths = (
			);
			inputPaths = (
				"$(SRCROOT)/newInputFile",
			);
			outputFileListPaths = (
			);
			outputPaths = (
			);
			runOnlyForDeploymentPostprocessing = 0;
			shellPath = /bin/sh;
			shellScript = "# Type a script or drag a script file from your workspace to insert its path.\n";
		};
/* End PBXShellScriptBuildPhase section */

/* Begin PBXSourcesBuildPhase section */
		8BFCA33A216BE5D6009C3CFB /* Sources */ = {
			isa = PBXSourcesBuildPhase;
			buildActionMask = 2147483647;
			files = (
				8BFCA344216BE5D6009C3CFB /* ViewController.swift in Sources */,
				8BFCA342216BE5D6009C3CFB /* AppDelegate.swift in Sources */,
			);
			runOnlyForDeploymentPostprocessing = 0;
		};
		8BFCA34E216BE5D8009C3CFB /* Sources */ = {
			isa = PBXSourcesBuildPhase;
			buildActionMask = 2147483647;
			files = (
				8BFCA357216BE5D8009C3CFB /* MailyExampleTests.swift in Sources */,
			);
			runOnlyForDeploymentPostprocessing = 0;
		};
/* End PBXSourcesBuildPhase section */

/* Begin PBXTargetDependency section */
		8BFCA354216BE5D8009C3CFB /* PBXTargetDependency */ = {
			isa = PBXTargetDependency;
			target = 8BFCA33D216BE5D6009C3CFB /* MailyExample */;
			targetProxy = 8BFCA353216BE5D8009C3CFB /* PBXContainerItemProxy */;
		};
/* End PBXTargetDependency section */

/* Begin PBXVariantGroup section */
		8BFCA345216BE5D6009C3CFB /* Main.storyboard */ = {
			isa = PBXVariantGroup;
			children = (
				8BFCA346216BE5D6009C3CFB /* Base */,
			);
			name = Main.storyboard;
			sourceTree = "<group>";
		};
		8BFCA34A216BE5D8009C3CFB /* LaunchScreen.storyboard */ = {
			isa = PBXVariantGroup;
			children = (
				8BFCA34B216BE5D8009C3CFB /* Base */,
			);
			name = LaunchScreen.storyboard;
			sourceTree = "<group>";
		};
/* End PBXVariantGroup section */

/* Begin XCBuildConfiguration section */
		8BFCA359216BE5D8009C3CFB /* Debug */ = {
			isa = XCBuildConfiguration;
			buildSettings = {
				ALWAYS_SEARCH_USER_PATHS = NO;
				CLANG_ANALYZER_NONNULL = YES;
				CLANG_ANALYZER_NUMBER_OBJECT_CONVERSION = YES_AGGRESSIVE;
				CLANG_CXX_LANGUAGE_STANDARD = "gnu++14";
				CLANG_CXX_LIBRARY = "libc++";
				CLANG_ENABLE_MODULES = YES;
				CLANG_ENABLE_OBJC_ARC = YES;
				CLANG_ENABLE_OBJC_WEAK = YES;
				CLANG_WARN_BLOCK_CAPTURE_AUTORELEASING = YES;
				CLANG_WARN_BOOL_CONVERSION = YES;
				CLANG_WARN_COMMA = YES;
				CLANG_WARN_CONSTANT_CONVERSION = YES;
				CLANG_WARN_DEPRECATED_OBJC_IMPLEMENTATIONS = YES;
				CLANG_WARN_DIRECT_OBJC_ISA_USAGE = YES_ERROR;
				CLANG_WARN_DOCUMENTATION_COMMENTS = YES;
				CLANG_WARN_EMPTY_BODY = YES;
				CLANG_WARN_ENUM_CONVERSION = YES;
				CLANG_WARN_INFINITE_RECURSION = YES;
				CLANG_WARN_INT_CONVERSION = YES;
				CLANG_WARN_NON_LITERAL_NULL_CONVERSION = YES;
				CLANG_WARN_OBJC_IMPLICIT_RETAIN_SELF = YES;
				CLANG_WARN_OBJC_LITERAL_CONVERSION = YES;
				CLANG_WARN_OBJC_ROOT_CLASS = YES_ERROR;
				CLANG_WARN_RANGE_LOOP_ANALYSIS = YES;
				CLANG_WARN_STRICT_PROTOTYPES = YES;
				CLANG_WARN_SUSPICIOUS_MOVE = YES;
				CLANG_WARN_UNGUARDED_AVAILABILITY = YES_AGGRESSIVE;
				CLANG_WARN_UNREACHABLE_CODE = YES;
				CLANG_WARN__DUPLICATE_METHOD_MATCH = YES;
				CODE_SIGN_IDENTITY = "iPhone Developer";
				COPY_PHASE_STRIP = NO;
				DEBUG_INFORMATION_FORMAT = dwarf;
				ENABLE_STRICT_OBJC_MSGSEND = YES;
				ENABLE_TESTABILITY = YES;
				GCC_C_LANGUAGE_STANDARD = gnu11;
				GCC_DYNAMIC_NO_PIC = NO;
				GCC_NO_COMMON_BLOCKS = YES;
				GCC_OPTIMIZATION_LEVEL = 0;
				GCC_PREPROCESSOR_DEFINITIONS = (
					"DEBUG=1",
					"$(inherited)",
				);
				GCC_WARN_64_TO_32_BIT_CONVERSION = YES;
				GCC_WARN_ABOUT_RETURN_TYPE = YES_ERROR;
				GCC_WARN_UNDECLARED_SELECTOR = YES;
				GCC_WARN_UNINITIALIZED_AUTOS = YES_AGGRESSIVE;
				GCC_WARN_UNUSED_FUNCTION = YES;
				GCC_WARN_UNUSED_VARIABLE = YES;
				IPHONEOS_DEPLOYMENT_TARGET = 10.0;
				MTL_ENABLE_DEBUG_INFO = INCLUDE_SOURCE;
				MTL_FAST_MATH = YES;
				ONLY_ACTIVE_ARCH = YES;
				SDKROOT = iphoneos;
				SWIFT_ACTIVE_COMPILATION_CONDITIONS = DEBUG;
				SWIFT_OPTIMIZATION_LEVEL = "-Onone";
			};
			name = Debug;
		};
		8BFCA35A216BE5D8009C3CFB /* Release */ = {
			isa = XCBuildConfiguration;
			buildSettings = {
				ALWAYS_SEARCH_USER_PATHS = NO;
				CLANG_ANALYZER_NONNULL = YES;
				CLANG_ANALYZER_NUMBER_OBJECT_CONVERSION = YES_AGGRESSIVE;
				CLANG_CXX_LANGUAGE_STANDARD = "gnu++14";
				CLANG_CXX_LIBRARY = "libc++";
				CLANG_ENABLE_MODULES = YES;
				CLANG_ENABLE_OBJC_ARC = YES;
				CLANG_ENABLE_OBJC_WEAK = YES;
				CLANG_WARN_BLOCK_CAPTURE_AUTORELEASING = YES;
				CLANG_WARN_BOOL_CONVERSION = YES;
				CLANG_WARN_COMMA = YES;
				CLANG_WARN_CONSTANT_CONVERSION = YES;
				CLANG_WARN_DEPRECATED_OBJC_IMPLEMENTATIONS = YES;
				CLANG_WARN_DIRECT_OBJC_ISA_USAGE = YES_ERROR;
				CLANG_WARN_DOCUMENTATION_COMMENTS = YES;
				CLANG_WARN_EMPTY_BODY = YES;
				CLANG_WARN_ENUM_CONVERSION = YES;
				CLANG_WARN_INFINITE_RECURSION = YES;
				CLANG_WARN_INT_CONVERSION = YES;
				CLANG_WARN_NON_LITERAL_NULL_CONVERSION = YES;
				CLANG_WARN_OBJC_IMPLICIT_RETAIN_SELF = YES;
				CLANG_WARN_OBJC_LITERAL_CONVERSION = YES;
				CLANG_WARN_OBJC_ROOT_CLASS = YES_ERROR;
				CLANG_WARN_RANGE_LOOP_ANALYSIS = YES;
				CLANG_WARN_STRICT_PROTOTYPES = YES;
				CLANG_WARN_SUSPICIOUS_MOVE = YES;
				CLANG_WARN_UNGUARDED_AVAILABILITY = YES_AGGRESSIVE;
				CLANG_WARN_UNREACHABLE_CODE = YES;
				CLANG_WARN__DUPLICATE_METHOD_MATCH = YES;
				CODE_SIGN_IDENTITY = "iPhone Developer";
				COPY_PHASE_STRIP = NO;
				DEBUG_INFORMATION_FORMAT = "dwarf-with-dsym";
				ENABLE_NS_ASSERTIONS = NO;
				ENABLE_STRICT_OBJC_MSGSEND = YES;
				GCC_C_LANGUAGE_STANDARD = gnu11;
				GCC_NO_COMMON_BLOCKS = YES;
				GCC_WARN_64_TO_32_BIT_CONVERSION = YES;
				GCC_WARN_ABOUT_RETURN_TYPE = YES_ERROR;
				GCC_WARN_UNDECLARED_SELECTOR = YES;
				GCC_WARN_UNINITIALIZED_AUTOS = YES_AGGRESSIVE;
				GCC_WARN_UNUSED_FUNCTION = YES;
				GCC_WARN_UNUSED_VARIABLE = YES;
				IPHONEOS_DEPLOYMENT_TARGET = 10.0;
				MTL_ENABLE_DEBUG_INFO = NO;
				MTL_FAST_MATH = YES;
				SDKROOT = iphoneos;
				SWIFT_COMPILATION_MODE = wholemodule;
				SWIFT_OPTIMIZATION_LEVEL = "-O";
				VALIDATE_PRODUCT = YES;
			};
			name = Release;
		};
		8BFCA35C216BE5D8009C3CFB /* Debug */ = {
			isa = XCBuildConfiguration;
			buildSettings = {
				ASSETCATALOG_COMPILER_APPICON_NAME = AppIcon;
				CODE_SIGN_STYLE = Manual;
				DEVELOPMENT_TEAM = "";
				INFOPLIST_FILE = MailyExample/Info.plist;
				IPHONEOS_DEPLOYMENT_TARGET = 10.0;
				LD_RUNPATH_SEARCH_PATHS = (
					"$(inherited)",
					"@executable_path/Frameworks",
				);
				PRODUCT_BUNDLE_IDENTIFIER = buildy.tech.MailyExample;
				PRODUCT_NAME = "$(TARGET_NAME)";
				PROVISIONING_PROFILE_SPECIFIER = "";
				SWIFT_VERSION = 5.0;
				TARGETED_DEVICE_FAMILY = "1,2";
			};
			name = Debug;
		};
		8BFCA35D216BE5D8009C3CFB /* Release */ = {
			isa = XCBuildConfiguration;
			buildSettings = {
				ASSETCATALOG_COMPILER_APPICON_NAME = AppIcon;
				CODE_SIGN_STYLE = Manual;
				DEVELOPMENT_TEAM = "";
				INFOPLIST_FILE = MailyExample/Info.plist;
				IPHONEOS_DEPLOYMENT_TARGET = 10.0;
				LD_RUNPATH_SEARCH_PATHS = (
					"$(inherited)",
					"@executable_path/Frameworks",
				);
				PRODUCT_BUNDLE_IDENTIFIER = buildy.tech.MailyExample;
				PRODUCT_NAME = "$(TARGET_NAME)";
				PROVISIONING_PROFILE_SPECIFIER = "";
				SWIFT_VERSION = 5.0;
				TARGETED_DEVICE_FAMILY = "1,2";
			};
			name = Release;
		};
		8BFCA35F216BE5D8009C3CFB /* Debug */ = {
			isa = XCBuildConfiguration;
			buildSettings = {
				ALWAYS_EMBED_SWIFT_STANDARD_LIBRARIES = YES;
				BUNDLE_LOADER = "$(TEST_HOST)";
				CODE_SIGN_STYLE = Automatic;
				DEVELOPMENT_TEAM = A4NNFV669G;
				INFOPLIST_FILE = MailyExampleTests/Info.plist;
				LD_RUNPATH_SEARCH_PATHS = (
					"$(inherited)",
					"@executable_path/Frameworks",
					"@loader_path/Frameworks",
				);
				PRODUCT_BUNDLE_IDENTIFIER = buildy.tech.MailyExampleTests;
				PRODUCT_NAME = "$(TARGET_NAME)";
				SWIFT_VERSION = 5.0;
				TARGETED_DEVICE_FAMILY = "1,2";
				TEST_HOST = "$(BUILT_PRODUCTS_DIR)/MailyExample.app/MailyExample";
			};
			name = Debug;
		};
		8BFCA360216BE5D8009C3CFB /* Release */ = {
			isa = XCBuildConfiguration;
			buildSettings = {
				ALWAYS_EMBED_SWIFT_STANDARD_LIBRARIES = YES;
				BUNDLE_LOADER = "$(TEST_HOST)";
				CODE_SIGN_STYLE = Automatic;
				DEVELOPMENT_TEAM = A4NNFV669G;
				INFOPLIST_FILE = MailyExampleTests/Info.plist;
				LD_RUNPATH_SEARCH_PATHS = (
					"$(inherited)",
					"@executable_path/Frameworks",
					"@loader_path/Frameworks",
				);
				PRODUCT_BUNDLE_IDENTIFIER = buildy.tech.MailyExampleTests;
				PRODUCT_NAME = "$(TARGET_NAME)";
				SWIFT_VERSION = 5.0;
				TARGETED_DEVICE_FAMILY = "1,2";
				TEST_HOST = "$(BUILT_PRODUCTS_DIR)/MailyExample.app/MailyExample";
			};
			name = Release;
		};
/* End XCBuildConfiguration section */

/* Begin XCConfigurationList section */
		8BFCA339216BE5D6009C3CFB /* Build configuration list for PBXProject "MailyExample" */ = {
			isa = XCConfigurationList;
			buildConfigurations = (
				8BFCA359216BE5D8009C3CFB /* Debug */,
				8BFCA35A216BE5D8009C3CFB /* Release */,
			);
			defaultConfigurationIsVisible = 0;
			defaultConfigurationName = Release;
		};
		8BFCA35B216BE5D8009C3CFB /* Build configuration list for PBXNativeTarget "MailyExample" */ = {
			isa = XCConfigurationList;
			buildConfigurations = (
				8BFCA35C216BE5D8009C3CFB /* Debug */,
				8BFCA35D216BE5D8009C3CFB /* Release */,
			);
			defaultConfigurationIsVisible = 0;
			defaultConfigurationName = Release;
		};
		8BFCA35E216BE5D8009C3CFB /* Build configuration list for PBXNativeTarget "MailyExampleTests" */ = {
			isa = XCConfigurationList;
			buildConfigurations = (
				8BFCA35F216BE5D8009C3CFB /* Debug */,
				8BFCA360216BE5D8009C3CFB /* Release */,
			);
			defaultConfigurationIsVisible = 0;
			defaultConfigurationName = Release;
		};
/* End XCConfigurationList section */
	};
	rootObject = 8BFCA336216BE5D6009C3CFB /* Project object */;
}
