// !$*UTF8*$!
{
	archiveVersion = 1;
	classes = {
	};
	objectVersion = 50;
	objects = {

/* Begin PBXBuildFile section */
		8B8096092169E8CE00E9FD39 /* Maily.framework in Frameworks */ = {isa = PBXBuildFile; fileRef = 8B8095FF2169E8CE00E9FD39 /* Maily.framework */; };
		8B80960E2169E8CE00E9FD39 /* MailyTests.swift in Sources */ = {isa = PBXBuildFile; fileRef = 8B80960D2169E8CE00E9FD39 /* MailyTests.swift */; };
		8B8096102169E8CE00E9FD39 /* Maily.h in Headers */ = {isa = PBXBuildFile; fileRef = 8B8096022169E8CE00E9FD39 /* Maily.h */; settings = {ATTRIBUTES = (Public, ); }; };
		8B80961A2169E99700E9FD39 /* Maily.swift in Sources */ = {isa = PBXBuildFile; fileRef = 8B8096192169E99700E9FD39 /* Maily.swift */; };
		8BD77DD6217FB60E0062EC69 /* Constants.swift in Sources */ = {isa = PBXBuildFile; fileRef = 8BD77DD5217FB60E0062EC69 /* Constants.swift */; };
		8BD77DD8217FB64C0062EC69 /* MailClient.swift in Sources */ = {isa = PBXBuildFile; fileRef = 8BD77DD7217FB64C0062EC69 /* MailClient.swift */; };
		8BD77DDA217FB66B0062EC69 /* ThirdPartyMailClient.swift in Sources */ = {isa = PBXBuildFile; fileRef = 8BD77DD9217FB66B0062EC69 /* ThirdPartyMailClient.swift */; };
		8BD77DDC217FB67B0062EC69 /* StandardMailClient.swift in Sources */ = {isa = PBXBuildFile; fileRef = 8BD77DDB217FB67B0062EC69 /* StandardMailClient.swift */; };
/* End PBXBuildFile section */

/* Begin PBXContainerItemProxy section */
		8B80960A2169E8CE00E9FD39 /* PBXContainerItemProxy */ = {
			isa = PBXContainerItemProxy;
			containerPortal = 8B8095F62169E8CE00E9FD39 /* Project object */;
			proxyType = 1;
			remoteGlobalIDString = 8B8095FE2169E8CE00E9FD39;
			remoteInfo = Maily;
		};
/* End PBXContainerItemProxy section */

/* Begin PBXFileReference section */
		8B8095FF2169E8CE00E9FD39 /* Maily.framework */ = {isa = PBXFileReference; explicitFileType = wrapper.framework; includeInIndex = 0; path = Maily.framework; sourceTree = BUILT_PRODUCTS_DIR; };
		8B8096022169E8CE00E9FD39 /* Maily.h */ = {isa = PBXFileReference; lastKnownFileType = sourcecode.c.h; path = Maily.h; sourceTree = "<group>"; };
		8B8096082169E8CE00E9FD39 /* MailyTests.xctest */ = {isa = PBXFileReference; explicitFileType = wrapper.cfbundle; includeInIndex = 0; path = MailyTests.xctest; sourceTree = BUILT_PRODUCTS_DIR; };
		8B80960D2169E8CE00E9FD39 /* MailyTests.swift */ = {isa = PBXFileReference; lastKnownFileType = sourcecode.swift; path = MailyTests.swift; sourceTree = "<group>"; };
		8B80960F2169E8CE00E9FD39 /* Info.plist */ = {isa = PBXFileReference; lastKnownFileType = text.plist.xml; path = Info.plist; sourceTree = "<group>"; };
		8B8096192169E99700E9FD39 /* Maily.swift */ = {isa = PBXFileReference; lastKnownFileType = sourcecode.swift; path = Maily.swift; sourceTree = "<group>"; };
		8BD77DBF217FAFC70062EC69 /* Maily.podspec */ = {isa = PBXFileReference; fileEncoding = 4; lastKnownFileType = text; path = Maily.podspec; sourceTree = "<group>"; };
		8BD77DC2217FAFDD0062EC69 /* LICENSE */ = {isa = PBXFileReference; fileEncoding = 4; lastKnownFileType = text; path = LICENSE; sourceTree = "<group>"; };
		8BD77DCD217FB15F0062EC69 /* Info.plist */ = {isa = PBXFileReference; fileEncoding = 4; lastKnownFileType = text.plist.xml; path = Info.plist; sourceTree = "<group>"; };
		8BD77DD5217FB60E0062EC69 /* Constants.swift */ = {isa = PBXFileReference; lastKnownFileType = sourcecode.swift; path = Constants.swift; sourceTree = "<group>"; };
		8BD77DD7217FB64C0062EC69 /* MailClient.swift */ = {isa = PBXFileReference; lastKnownFileType = sourcecode.swift; path = MailClient.swift; sourceTree = "<group>"; };
		8BD77DD9217FB66B0062EC69 /* ThirdPartyMailClient.swift */ = {isa = PBXFileReference; lastKnownFileType = sourcecode.swift; path = ThirdPartyMailClient.swift; sourceTree = "<group>"; };
		8BD77DDB217FB67B0062EC69 /* StandardMailClient.swift */ = {isa = PBXFileReference; lastKnownFileType = sourcecode.swift; path = StandardMailClient.swift; sourceTree = "<group>"; };
/* End PBXFileReference section */

/* Begin PBXFrameworksBuildPhase section */
		8B8095FC2169E8CE00E9FD39 /* Frameworks */ = {
			isa = PBXFrameworksBuildPhase;
			buildActionMask = 2147483647;
			files = (
			);
			runOnlyForDeploymentPostprocessing = 0;
		};
		8B8096052169E8CE00E9FD39 /* Frameworks */ = {
			isa = PBXFrameworksBuildPhase;
			buildActionMask = 2147483647;
			files = (
				8B8096092169E8CE00E9FD39 /* Maily.framework in Frameworks */,
			);
			runOnlyForDeploymentPostprocessing = 0;
		};
/* End PBXFrameworksBuildPhase section */

/* Begin PBXGroup section */
		8B8095F52169E8CE00E9FD39 = {
			isa = PBXGroup;
			children = (
				8B8096012169E8CE00E9FD39 /* Maily */,
				8B80960C2169E8CE00E9FD39 /* MailyTests */,
				8B8096002169E8CE00E9FD39 /* Products */,
				8BD77DC1217FAFCA0062EC69 /* Non-iOS Resources */,
			);
			sourceTree = "<group>";
		};
		8B8096002169E8CE00E9FD39 /* Products */ = {
			isa = PBXGroup;
			children = (
				8B8095FF2169E8CE00E9FD39 /* Maily.framework */,
				8B8096082169E8CE00E9FD39 /* MailyTests.xctest */,
			);
			name = Products;
			sourceTree = "<group>";
		};
		8B8096012169E8CE00E9FD39 /* Maily */ = {
			isa = PBXGroup;
			children = (
				8BD77DCD217FB15F0062EC69 /* Info.plist */,
				8B8096022169E8CE00E9FD39 /* Maily.h */,
				8BFCA361216BE93E009C3CFB /* Source */,
			);
			path = Maily;
			sourceTree = "<group>";
		};
		8B80960C2169E8CE00E9FD39 /* MailyTests */ = {
			isa = PBXGroup;
			children = (
				8B80960D2169E8CE00E9FD39 /* MailyTests.swift */,
				8B80960F2169E8CE00E9FD39 /* Info.plist */,
			);
			path = MailyTests;
			sourceTree = "<group>";
		};
		8BD77DC1217FAFCA0062EC69 /* Non-iOS Resources */ = {
			isa = PBXGroup;
			children = (
				8BD77DBF217FAFC70062EC69 /* Maily.podspec */,
				8BD77DC2217FAFDD0062EC69 /* LICENSE */,
			);
			name = "Non-iOS Resources";
			sourceTree = "<group>";
		};
		8BFCA361216BE93E009C3CFB /* Source */ = {
			isa = PBXGroup;
			children = (
				8BD77DD5217FB60E0062EC69 /* Constants.swift */,
				8B8096192169E99700E9FD39 /* Maily.swift */,
				8BD77DD7217FB64C0062EC69 /* MailClient.swift */,
				8BD77DDB217FB67B0062EC69 /* StandardMailClient.swift */,
				8BD77DD9217FB66B0062EC69 /* ThirdPartyMailClient.swift */,
			);
			path = Source;
			sourceTree = "<group>";
		};
/* End PBXGroup section */

/* Begin PBXHeadersBuildPhase section */
		8B8095FA2169E8CE00E9FD39 /* Headers */ = {
			isa = PBXHeadersBuildPhase;
			buildActionMask = 2147483647;
			files = (
				8B8096102169E8CE00E9FD39 /* Maily.h in Headers */,
			);
			runOnlyForDeploymentPostprocessing = 0;
		};
/* End PBXHeadersBuildPhase section */

/* Begin PBXNativeTarget section */
		8B8095FE2169E8CE00E9FD39 /* Maily */ = {
			isa = PBXNativeTarget;
			buildConfigurationList = 8B8096132169E8CE00E9FD39 /* Build configuration list for PBXNativeTarget "Maily" */;
			buildPhases = (
				8B8095FA2169E8CE00E9FD39 /* Headers */,
				8B8095FB2169E8CE00E9FD39 /* Sources */,
				8B8095FC2169E8CE00E9FD39 /* Frameworks */,
				8B8095FD2169E8CE00E9FD39 /* Resources */,
			);
			buildRules = (
			);
			dependencies = (
			);
			name = Maily;
			productName = Maily;
			productReference = 8B8095FF2169E8CE00E9FD39 /* Maily.framework */;
			productType = "com.apple.product-type.framework";
		};
		8B8096072169E8CE00E9FD39 /* MailyTests */ = {
			isa = PBXNativeTarget;
			buildConfigurationList = 8B8096162169E8CE00E9FD39 /* Build configuration list for PBXNativeTarget "MailyTests" */;
			buildPhases = (
				8B8096042169E8CE00E9FD39 /* Sources */,
				8B8096052169E8CE00E9FD39 /* Frameworks */,
				8B8096062169E8CE00E9FD39 /* Resources */,
			);
			buildRules = (
			);
			dependencies = (
				8B80960B2169E8CE00E9FD39 /* PBXTargetDependency */,
			);
			name = MailyTests;
			productName = MailyTests;
			productReference = 8B8096082169E8CE00E9FD39 /* MailyTests.xctest */;
			productType = "com.apple.product-type.bundle.unit-test";
		};
/* End PBXNativeTarget section */

/* Begin PBXProject section */
		8B8095F62169E8CE00E9FD39 /* Project object */ = {
			isa = PBXProject;
			attributes = {
				LastSwiftUpdateCheck = 1000;
				LastUpgradeCheck = 1000;
				ORGANIZATIONNAME = "Ivan Smetanin";
				TargetAttributes = {
					8B8095FE2169E8CE00E9FD39 = {
						CreatedOnToolsVersion = 10.0;
						LastSwiftMigration = 1000;
					};
					8B8096072169E8CE00E9FD39 = {
						CreatedOnToolsVersion = 10.0;
					};
				};
			};
			buildConfigurationList = 8B8095F92169E8CE00E9FD39 /* Build configuration list for PBXProject "Maily" */;
			compatibilityVersion = "Xcode 9.3";
			developmentRegion = en;
			hasScannedForEncodings = 0;
			knownRegions = (
				en,
			);
			mainGroup = 8B8095F52169E8CE00E9FD39;
			productRefGroup = 8B8096002169E8CE00E9FD39 /* Products */;
			projectDirPath = "";
			projectRoot = "";
			targets = (
				8B8095FE2169E8CE00E9FD39 /* Maily */,
				8B8096072169E8CE00E9FD39 /* MailyTests */,
			);
		};
/* End PBXProject section */

/* Begin PBXResourcesBuildPhase section */
		8B8095FD2169E8CE00E9FD39 /* Resources */ = {
			isa = PBXResourcesBuildPhase;
			buildActionMask = 2147483647;
			files = (
			);
			runOnlyForDeploymentPostprocessing = 0;
		};
		8B8096062169E8CE00E9FD39 /* Resources */ = {
			isa = PBXResourcesBuildPhase;
			buildActionMask = 2147483647;
			files = (
			);
			runOnlyForDeploymentPostprocessing = 0;
		};
/* End PBXResourcesBuildPhase section */

/* Begin PBXSourcesBuildPhase section */
		8B8095FB2169E8CE00E9FD39 /* Sources */ = {
			isa = PBXSourcesBuildPhase;
			buildActionMask = 2147483647;
			files = (
				8B80961A2169E99700E9FD39 /* Maily.swift in Sources */,
				8BD77DD6217FB60E0062EC69 /* Constants.swift in Sources */,
				8BD77DDA217FB66B0062EC69 /* ThirdPartyMailClient.swift in Sources */,
				8BD77DDC217FB67B0062EC69 /* StandardMailClient.swift in Sources */,
				8BD77DD8217FB64C0062EC69 /* MailClient.swift in Sources */,
			);
			runOnlyForDeploymentPostprocessing = 0;
		};
		8B8096042169E8CE00E9FD39 /* Sources */ = {
			isa = PBXSourcesBuildPhase;
			buildActionMask = 2147483647;
			files = (
				8B80960E2169E8CE00E9FD39 /* MailyTests.swift in Sources */,
			);
			runOnlyForDeploymentPostprocessing = 0;
		};
/* End PBXSourcesBuildPhase section */

/* Begin PBXTargetDependency section */
		8B80960B2169E8CE00E9FD39 /* PBXTargetDependency */ = {
			isa = PBXTargetDependency;
			target = 8B8095FE2169E8CE00E9FD39 /* Maily */;
			targetProxy = 8B80960A2169E8CE00E9FD39 /* PBXContainerItemProxy */;
		};
/* End PBXTargetDependency section */

/* Begin XCBuildConfiguration section */
		8B8096112169E8CE00E9FD39 /* Debug */ = {
			isa = XCBuildConfiguration;
			buildSettings = {
				ALWAYS_SEARCH_USER_PATHS = NO;
				CLANG_ANALYZER_LOCALIZABILITY_NONLOCALIZED = YES;
				CLANG_ANALYZER_NONNULL = YES;
				CLANG_ANALYZER_NUMBER_OBJECT_CONVERSION = YES_AGGRESSIVE;
				CLANG_CXX_LANGUAGE_STANDARD = "gnu++14";
				CLANG_CXX_LIBRARY = "libc++";
				CLANG_ENABLE_MODULES = YES;
				CLANG_ENABLE_OBJC_ARC = YES;
				CLANG_ENABLE_OBJC_WEAK = YES;
				CLANG_WARN_BLOCK_CAPTURE_AUTORELEASING = YES;
				CLANG_WARN_BOOL_CONVERSION = YES;
				CLANG_WARN_COMMA = YES;
				CLANG_WARN_CONSTANT_CONVERSION = YES;
				CLANG_WARN_DEPRECATED_OBJC_IMPLEMENTATIONS = YES;
				CLANG_WARN_DIRECT_OBJC_ISA_USAGE = YES_ERROR;
				CLANG_WARN_DOCUMENTATION_COMMENTS = YES;
				CLANG_WARN_EMPTY_BODY = YES;
				CLANG_WARN_ENUM_CONVERSION = YES;
				CLANG_WARN_INFINITE_RECURSION = YES;
				CLANG_WARN_INT_CONVERSION = YES;
				CLANG_WARN_NON_LITERAL_NULL_CONVERSION = YES;
				CLANG_WARN_OBJC_IMPLICIT_RETAIN_SELF = YES;
				CLANG_WARN_OBJC_LITERAL_CONVERSION = YES;
				CLANG_WARN_OBJC_ROOT_CLASS = YES_ERROR;
				CLANG_WARN_RANGE_LOOP_ANALYSIS = YES;
				CLANG_WARN_STRICT_PROTOTYPES = YES;
				CLANG_WARN_SUSPICIOUS_MOVE = YES;
				CLANG_WARN_UNGUARDED_AVAILABILITY = YES_AGGRESSIVE;
				CLANG_WARN_UNREACHABLE_CODE = YES;
				CLANG_WARN__DUPLICATE_METHOD_MATCH = YES;
				CODE_SIGN_IDENTITY = "iPhone Developer";
				COPY_PHASE_STRIP = NO;
				CURRENT_PROJECT_VERSION = 1;
				DEBUG_INFORMATION_FORMAT = dwarf;
				ENABLE_STRICT_OBJC_MSGSEND = YES;
				ENABLE_TESTABILITY = YES;
				GCC_C_LANGUAGE_STANDARD = gnu11;
				GCC_DYNAMIC_NO_PIC = NO;
				GCC_NO_COMMON_BLOCKS = YES;
				GCC_OPTIMIZATION_LEVEL = 0;
				GCC_PREPROCESSOR_DEFINITIONS = (
					"DEBUG=1",
					"$(inherited)",
				);
				GCC_WARN_64_TO_32_BIT_CONVERSION = YES;
				GCC_WARN_ABOUT_RETURN_TYPE = YES_ERROR;
				GCC_WARN_UNDECLARED_SELECTOR = YES;
				GCC_WARN_UNINITIALIZED_AUTOS = YES_AGGRESSIVE;
				GCC_WARN_UNUSED_FUNCTION = YES;
				GCC_WARN_UNUSED_VARIABLE = YES;
				IPHONEOS_DEPLOYMENT_TARGET = 10.0;
				MTL_ENABLE_DEBUG_INFO = INCLUDE_SOURCE;
				MTL_FAST_MATH = YES;
				ONLY_ACTIVE_ARCH = YES;
				SDKROOT = iphoneos;
				SWIFT_ACTIVE_COMPILATION_CONDITIONS = DEBUG;
				SWIFT_OPTIMIZATION_LEVEL = "-Onone";
				VERSIONING_SYSTEM = "apple-generic";
				VERSION_INFO_PREFIX = "";
			};
			name = Debug;
		};
		8B8096122169E8CE00E9FD39 /* Release */ = {
			isa = XCBuildConfiguration;
			buildSettings = {
				ALWAYS_SEARCH_USER_PATHS = NO;
				CLANG_ANALYZER_LOCALIZABILITY_NONLOCALIZED = YES;
				CLANG_ANALYZER_NONNULL = YES;
				CLANG_ANALYZER_NUMBER_OBJECT_CONVERSION = YES_AGGRESSIVE;
				CLANG_CXX_LANGUAGE_STANDARD = "gnu++14";
				CLANG_CXX_LIBRARY = "libc++";
				CLANG_ENABLE_MODULES = YES;
				CLANG_ENABLE_OBJC_ARC = YES;
				CLANG_ENABLE_OBJC_WEAK = YES;
				CLANG_WARN_BLOCK_CAPTURE_AUTORELEASING = YES;
				CLANG_WARN_BOOL_CONVERSION = YES;
				CLANG_WARN_COMMA = YES;
				CLANG_WARN_CONSTANT_CONVERSION = YES;
				CLANG_WARN_DEPRECATED_OBJC_IMPLEMENTATIONS = YES;
				CLANG_WARN_DIRECT_OBJC_ISA_USAGE = YES_ERROR;
				CLANG_WARN_DOCUMENTATION_COMMENTS = YES;
				CLANG_WARN_EMPTY_BODY = YES;
				CLANG_WARN_ENUM_CONVERSION = YES;
				CLANG_WARN_INFINITE_RECURSION = YES;
				CLANG_WARN_INT_CONVERSION = YES;
				CLANG_WARN_NON_LITERAL_NULL_CONVERSION = YES;
				CLANG_WARN_OBJC_IMPLICIT_RETAIN_SELF = YES;
				CLANG_WARN_OBJC_LITERAL_CONVERSION = YES;
				CLANG_WARN_OBJC_ROOT_CLASS = YES_ERROR;
				CLANG_WARN_RANGE_LOOP_ANALYSIS = YES;
				CLANG_WARN_STRICT_PROTOTYPES = YES;
				CLANG_WARN_SUSPICIOUS_MOVE = YES;
				CLANG_WARN_UNGUARDED_AVAILABILITY = YES_AGGRESSIVE;
				CLANG_WARN_UNREACHABLE_CODE = YES;
				CLANG_WARN__DUPLICATE_METHOD_MATCH = YES;
				CODE_SIGN_IDENTITY = "iPhone Developer";
				COPY_PHASE_STRIP = NO;
				CURRENT_PROJECT_VERSION = 1;
				DEBUG_INFORMATION_FORMAT = "dwarf-with-dsym";
				ENABLE_NS_ASSERTIONS = NO;
				ENABLE_STRICT_OBJC_MSGSEND = YES;
				GCC_C_LANGUAGE_STANDARD = gnu11;
				GCC_NO_COMMON_BLOCKS = YES;
				GCC_WARN_64_TO_32_BIT_CONVERSION = YES;
				GCC_WARN_ABOUT_RETURN_TYPE = YES_ERROR;
				GCC_WARN_UNDECLARED_SELECTOR = YES;
				GCC_WARN_UNINITIALIZED_AUTOS = YES_AGGRESSIVE;
				GCC_WARN_UNUSED_FUNCTION = YES;
				GCC_WARN_UNUSED_VARIABLE = YES;
				IPHONEOS_DEPLOYMENT_TARGET = 10.0;
				MTL_ENABLE_DEBUG_INFO = NO;
				MTL_FAST_MATH = YES;
				SDKROOT = iphoneos;
				SWIFT_COMPILATION_MODE = wholemodule;
				SWIFT_OPTIMIZATION_LEVEL = "-O";
				VALIDATE_PRODUCT = YES;
				VERSIONING_SYSTEM = "apple-generic";
				VERSION_INFO_PREFIX = "";
			};
			name = Release;
		};
		8B8096142169E8CE00E9FD39 /* Debug */ = {
			isa = XCBuildConfiguration;
			buildSettings = {
				CLANG_ENABLE_MODULES = YES;
				CODE_SIGN_IDENTITY = "";
				CODE_SIGN_STYLE = Automatic;
				DEFINES_MODULE = YES;
				DEVELOPMENT_TEAM = "";
				DYLIB_COMPATIBILITY_VERSION = 1;
				DYLIB_CURRENT_VERSION = 1;
				DYLIB_INSTALL_NAME_BASE = "@rpath";
				INFOPLIST_FILE = "$(SRCROOT)/Maily/Info.plist";
				INSTALL_PATH = "$(LOCAL_LIBRARY_DIR)/Frameworks";
				IPHONEOS_DEPLOYMENT_TARGET = 10.0;
				LD_RUNPATH_SEARCH_PATHS = (
					"$(inherited)",
					"@executable_path/Frameworks",
					"@loader_path/Frameworks",
				);
				PRODUCT_BUNDLE_IDENTIFIER = buildy.tech.Maily;
				PRODUCT_NAME = "$(TARGET_NAME:c99extidentifier)";
				SKIP_INSTALL = YES;
				SWIFT_OPTIMIZATION_LEVEL = "-Onone";
				SWIFT_VERSION = 4.2;
				TARGETED_DEVICE_FAMILY = "1,2";
			};
			name = Debug;
		};
		8B8096152169E8CE00E9FD39 /* Release */ = {
			isa = XCBuildConfiguration;
			buildSettings = {
				CLANG_ENABLE_MODULES = YES;
				CODE_SIGN_IDENTITY = "";
				CODE_SIGN_STYLE = Automatic;
				DEFINES_MODULE = YES;
				DEVELOPMENT_TEAM = "";
				DYLIB_COMPATIBILITY_VERSION = 1;
				DYLIB_CURRENT_VERSION = 1;
				DYLIB_INSTALL_NAME_BASE = "@rpath";
				INFOPLIST_FILE = "$(SRCROOT)/Maily/Info.plist";
				INSTALL_PATH = "$(LOCAL_LIBRARY_DIR)/Frameworks";
				IPHONEOS_DEPLOYMENT_TARGET = 10.0;
				LD_RUNPATH_SEARCH_PATHS = (
					"$(inherited)",
					"@executable_path/Frameworks",
					"@loader_path/Frameworks",
				);
				PRODUCT_BUNDLE_IDENTIFIER = buildy.tech.Maily;
				PRODUCT_NAME = "$(TARGET_NAME:c99extidentifier)";
				SKIP_INSTALL = YES;
				SWIFT_VERSION = 4.2;
				TARGETED_DEVICE_FAMILY = "1,2";
			};
			name = Release;
		};
		8B8096172169E8CE00E9FD39 /* Debug */ = {
			isa = XCBuildConfiguration;
			buildSettings = {
				ALWAYS_EMBED_SWIFT_STANDARD_LIBRARIES = YES;
				CODE_SIGN_STYLE = Automatic;
				DEVELOPMENT_TEAM = A4NNFV669G;
				INFOPLIST_FILE = MailyTests/Info.plist;
				LD_RUNPATH_SEARCH_PATHS = (
					"$(inherited)",
					"@executable_path/Frameworks",
					"@loader_path/Frameworks",
				);
				PRODUCT_BUNDLE_IDENTIFIER = buildy.tech.MailyTests;
				PRODUCT_NAME = "$(TARGET_NAME)";
				SWIFT_VERSION = 4.2;
				TARGETED_DEVICE_FAMILY = "1,2";
			};
			name = Debug;
		};
		8B8096182169E8CE00E9FD39 /* Release */ = {
			isa = XCBuildConfiguration;
			buildSettings = {
				ALWAYS_EMBED_SWIFT_STANDARD_LIBRARIES = YES;
				CODE_SIGN_STYLE = Automatic;
				DEVELOPMENT_TEAM = A4NNFV669G;
				INFOPLIST_FILE = MailyTests/Info.plist;
				LD_RUNPATH_SEARCH_PATHS = (
					"$(inherited)",
					"@executable_path/Frameworks",
					"@loader_path/Frameworks",
				);
				PRODUCT_BUNDLE_IDENTIFIER = buildy.tech.MailyTests;
				PRODUCT_NAME = "$(TARGET_NAME)";
				SWIFT_VERSION = 4.2;
				TARGETED_DEVICE_FAMILY = "1,2";
			};
			name = Release;
		};
/* End XCBuildConfiguration section */

/* Begin XCConfigurationList section */
		8B8095F92169E8CE00E9FD39 /* Build configuration list for PBXProject "Maily" */ = {
			isa = XCConfigurationList;
			buildConfigurations = (
				8B8096112169E8CE00E9FD39 /* Debug */,
				8B8096122169E8CE00E9FD39 /* Release */,
			);
			defaultConfigurationIsVisible = 0;
			defaultConfigurationName = Release;
		};
		8B8096132169E8CE00E9FD39 /* Build configuration list for PBXNativeTarget "Maily" */ = {
			isa = XCConfigurationList;
			buildConfigurations = (
				8B8096142169E8CE00E9FD39 /* Debug */,
				8B8096152169E8CE00E9FD39 /* Release */,
			);
			defaultConfigurationIsVisible = 0;
			defaultConfigurationName = Release;
		};
		8B8096162169E8CE00E9FD39 /* Build configuration list for PBXNativeTarget "MailyTests" */ = {
			isa = XCConfigurationList;
			buildConfigurations = (
				8B8096172169E8CE00E9FD39 /* Debug */,
				8B8096182169E8CE00E9FD39 /* Release */,
			);
			defaultConfigurationIsVisible = 0;
			defaultConfigurationName = Release;
		};
/* End XCConfigurationList section */
	};
	rootObject = 8B8095F62169E8CE00E9FD39 /* Project object */;
}
